
Microsoft Visual Studio Solution File, Format Version 12.00
# Visual Studio Version 17
VisualStudioVersion = 17.8.34525.116
MinimumVisualStudioVersion = 10.0.40219.1
Project("{2150E333-8FDC-42A3-9474-1A3956D46DE8}") = "src", "src", "{22E5F29D-72F8-4C4B-9685-2E5534BD45DF}"
EndProject
Project("{2150E333-8FDC-42A3-9474-1A3956D46DE8}") = "Services", "Services", "{27766630-D889-446E-BAED-02696F6562F7}"
EndProject
Project("{2150E333-8FDC-42A3-9474-1A3956D46DE8}") = "Customer", "Customer", "{78EFD88F-1D9D-4802-BE08-4E4AB0A3C31B}"
EndProject
Project("{9A19103F-16F7-4668-BE54-9A1E7A4F7556}") = "Customer.API", "src\Services\Customer\Customer.API\Customer.API.csproj", "{BEA5FCFF-008F-4076-B2CC-EE7478AF54D1}"
EndProject
Project("{9A19103F-16F7-4668-BE54-9A1E7A4F7556}") = "Customer.DataAccess", "src\Services\Customer\Customer.DataAccess\Customer.DataAccess.csproj", "{FB421CBC-0D90-4ECE-9200-F08D32E474E1}"
EndProject
Project("{9A19103F-16F7-4668-BE54-9A1E7A4F7556}") = "Customer.Entity", "src\Services\Customer\Customer.Entity\Customer.Entity.csproj", "{7DB4228C-C94A-4047-998C-C6C891EE0EF3}"
EndProject
Project("{2150E333-8FDC-42A3-9474-1A3956D46DE8}") = "BuildingBlocks", "BuildingBlocks", "{C1E0AAEB-84A1-4D35-AC37-0897482F7E84}"
EndProject
Project("{9A19103F-16F7-4668-BE54-9A1E7A4F7556}") = "EventBus.Message", "BuildingBlocks\EventBus.Message\EventBus.Message.csproj", "{8FB2FDA4-43A5-4551-B2B7-48648DA8B145}"
EndProject
Project("{9A19103F-16F7-4668-BE54-9A1E7A4F7556}") = "Customer.Business", "src\Services\Customer\Customer.Business\Customer.Business.csproj", "{AC46B5C8-F921-43E6-9CA6-99F4CDFB5B3B}"
EndProject
Project("{2150E333-8FDC-42A3-9474-1A3956D46DE8}") = "ApiGateways", "ApiGateways", "{1512833D-2BE3-49C0-A300-0170176D1940}"
EndProject
Project("{9A19103F-16F7-4668-BE54-9A1E7A4F7556}") = "OrderApp.Gateway", "ApiGateways\OrderApp.Gateway\OrderApp.Gateway.csproj", "{61F9BD50-C221-4679-9103-387E9625D608}"
EndProject
Project("{2150E333-8FDC-42A3-9474-1A3956D46DE8}") = "SolutionItems", "SolutionItems", "{48D406A9-3202-4978-9891-F3A4058AB357}"
	ProjectSection(SolutionItems) = preProject
		Ports.txt = Ports.txt
	EndProjectSection
EndProject
Project("{9A19103F-16F7-4668-BE54-9A1E7A4F7556}") = "Customer.UnitTest", "src\Services\Customer\Customer.UnitTest\Customer.UnitTest.csproj", "{B74D9461-F769-4CA9-ABDC-956EB8D0999D}"
EndProject
Project("{2150E333-8FDC-42A3-9474-1A3956D46DE8}") = "Ordering", "Ordering", "{A526B6F5-198D-447C-9F77-F41F51891BAB}"
EndProject
Project("{2150E333-8FDC-42A3-9474-1A3956D46DE8}") = "Core", "Core", "{76285BC3-CB5C-407A-B2F0-1AC306EE77E4}"
EndProject
Project("{9A19103F-16F7-4668-BE54-9A1E7A4F7556}") = "Ordering.Application", "src\Services\Ordering\Core\Ordering.Application\Ordering.Application.csproj", "{5B5DC0C4-3872-4C60-9477-01B2F474C401}"
EndProject
Project("{9A19103F-16F7-4668-BE54-9A1E7A4F7556}") = "Ordering.API", "src\Services\Ordering\Ordering.API\Ordering.API.csproj", "{2376BA90-9B21-46D4-B3DA-A34614416963}"
EndProject
Project("{9A19103F-16F7-4668-BE54-9A1E7A4F7556}") = "Ordering.Domain", "src\Services\Ordering\Core\Ordering.Domain\Ordering.Domain.csproj", "{C403BCC2-8CF2-4143-8C0D-BFCBE891536D}"
EndProject
Project("{9A19103F-16F7-4668-BE54-9A1E7A4F7556}") = "Shared", "BuildingBlocks\Shared\Shared.csproj", "{9EF32A96-9F96-441F-9D66-4248792ECE3B}"
EndProject
Project("{9A19103F-16F7-4668-BE54-9A1E7A4F7556}") = "Ordering.UnitTest", "src\Services\Ordering\Ordering.UnitTest\Ordering.UnitTest.csproj", "{F102D4C2-4B50-45C2-8097-8218B661B6B9}"
EndProject
Project("{2150E333-8FDC-42A3-9474-1A3956D46DE8}") = "Infrastructure", "Infrastructure", "{4AFB8876-1891-4DD7-98DC-50CB118356FD}"
EndProject
Project("{9A19103F-16F7-4668-BE54-9A1E7A4F7556}") = "Ordering.Persistence", "src\Services\Ordering\Infrastructure\Ordering.Persistence\Ordering.Persistence.csproj", "{A4BE21A3-4A57-483B-90CB-F6A4F42BB7E1}"
EndProject
Project("{9A19103F-16F7-4668-BE54-9A1E7A4F7556}") = "Ordering.Infrastructure", "src\Services\Ordering\Infrastructure\Ordering.Infrastructure\Ordering.Infrastructure.csproj", "{AEDA4815-36E0-4731-B054-3329D156F3BA}"
EndProject
Project("{9A19103F-16F7-4668-BE54-9A1E7A4F7556}") = "Ordering.Logger", "src\Services\Ordering\Ordering.Logger\Ordering.Logger.csproj", "{B0D1AF76-3EAD-49F2-BEE2-9AC21E458440}"
EndProject
Global
	GlobalSection(SolutionConfigurationPlatforms) = preSolution
		Debug|Any CPU = Debug|Any CPU
		Release|Any CPU = Release|Any CPU
	EndGlobalSection
	GlobalSection(ProjectConfigurationPlatforms) = postSolution
		{BEA5FCFF-008F-4076-B2CC-EE7478AF54D1}.Debug|Any CPU.ActiveCfg = Debug|Any CPU
		{BEA5FCFF-008F-4076-B2CC-EE7478AF54D1}.Debug|Any CPU.Build.0 = Debug|Any CPU
		{BEA5FCFF-008F-4076-B2CC-EE7478AF54D1}.Release|Any CPU.ActiveCfg = Release|Any CPU
		{BEA5FCFF-008F-4076-B2CC-EE7478AF54D1}.Release|Any CPU.Build.0 = Release|Any CPU
		{FB421CBC-0D90-4ECE-9200-F08D32E474E1}.Debug|Any CPU.ActiveCfg = Debug|Any CPU
		{FB421CBC-0D90-4ECE-9200-F08D32E474E1}.Debug|Any CPU.Build.0 = Debug|Any CPU
		{FB421CBC-0D90-4ECE-9200-F08D32E474E1}.Release|Any CPU.ActiveCfg = Release|Any CPU
		{FB421CBC-0D90-4ECE-9200-F08D32E474E1}.Release|Any CPU.Build.0 = Release|Any CPU
		{7DB4228C-C94A-4047-998C-C6C891EE0EF3}.Debug|Any CPU.ActiveCfg = Debug|Any CPU
		{7DB4228C-C94A-4047-998C-C6C891EE0EF3}.Debug|Any CPU.Build.0 = Debug|Any CPU
		{7DB4228C-C94A-4047-998C-C6C891EE0EF3}.Release|Any CPU.ActiveCfg = Release|Any CPU
		{7DB4228C-C94A-4047-998C-C6C891EE0EF3}.Release|Any CPU.Build.0 = Release|Any CPU
		{8FB2FDA4-43A5-4551-B2B7-48648DA8B145}.Debug|Any CPU.ActiveCfg = Debug|Any CPU
		{8FB2FDA4-43A5-4551-B2B7-48648DA8B145}.Debug|Any CPU.Build.0 = Debug|Any CPU
		{8FB2FDA4-43A5-4551-B2B7-48648DA8B145}.Release|Any CPU.ActiveCfg = Release|Any CPU
		{8FB2FDA4-43A5-4551-B2B7-48648DA8B145}.Release|Any CPU.Build.0 = Release|Any CPU
		{AC46B5C8-F921-43E6-9CA6-99F4CDFB5B3B}.Debug|Any CPU.ActiveCfg = Debug|Any CPU
		{AC46B5C8-F921-43E6-9CA6-99F4CDFB5B3B}.Debug|Any CPU.Build.0 = Debug|Any CPU
		{AC46B5C8-F921-43E6-9CA6-99F4CDFB5B3B}.Release|Any CPU.ActiveCfg = Release|Any CPU
		{AC46B5C8-F921-43E6-9CA6-99F4CDFB5B3B}.Release|Any CPU.Build.0 = Release|Any CPU
		{61F9BD50-C221-4679-9103-387E9625D608}.Debug|Any CPU.ActiveCfg = Debug|Any CPU
		{61F9BD50-C221-4679-9103-387E9625D608}.Debug|Any CPU.Build.0 = Debug|Any CPU
		{61F9BD50-C221-4679-9103-387E9625D608}.Release|Any CPU.ActiveCfg = Release|Any CPU
		{61F9BD50-C221-4679-9103-387E9625D608}.Release|Any CPU.Build.0 = Release|Any CPU
		{B74D9461-F769-4CA9-ABDC-956EB8D0999D}.Debug|Any CPU.ActiveCfg = Debug|Any CPU
		{B74D9461-F769-4CA9-ABDC-956EB8D0999D}.Debug|Any CPU.Build.0 = Debug|Any CPU
		{B74D9461-F769-4CA9-ABDC-956EB8D0999D}.Release|Any CPU.ActiveCfg = Release|Any CPU
		{B74D9461-F769-4CA9-ABDC-956EB8D0999D}.Release|Any CPU.Build.0 = Release|Any CPU
		{5B5DC0C4-3872-4C60-9477-01B2F474C401}.Debug|Any CPU.ActiveCfg = Debug|Any CPU
		{5B5DC0C4-3872-4C60-9477-01B2F474C401}.Debug|Any CPU.Build.0 = Debug|Any CPU
		{5B5DC0C4-3872-4C60-9477-01B2F474C401}.Release|Any CPU.ActiveCfg = Release|Any CPU
		{5B5DC0C4-3872-4C60-9477-01B2F474C401}.Release|Any CPU.Build.0 = Release|Any CPU
		{2376BA90-9B21-46D4-B3DA-A34614416963}.Debug|Any CPU.ActiveCfg = Debug|Any CPU
		{2376BA90-9B21-46D4-B3DA-A34614416963}.Debug|Any CPU.Build.0 = Debug|Any CPU
		{2376BA90-9B21-46D4-B3DA-A34614416963}.Release|Any CPU.ActiveCfg = Release|Any CPU
		{2376BA90-9B21-46D4-B3DA-A34614416963}.Release|Any CPU.Build.0 = Release|Any CPU
		{C403BCC2-8CF2-4143-8C0D-BFCBE891536D}.Debug|Any CPU.ActiveCfg = Debug|Any CPU
		{C403BCC2-8CF2-4143-8C0D-BFCBE891536D}.Debug|Any CPU.Build.0 = Debug|Any CPU
		{C403BCC2-8CF2-4143-8C0D-BFCBE891536D}.Release|Any CPU.ActiveCfg = Release|Any CPU
		{C403BCC2-8CF2-4143-8C0D-BFCBE891536D}.Release|Any CPU.Build.0 = Release|Any CPU
		{9EF32A96-9F96-441F-9D66-4248792ECE3B}.Debug|Any CPU.ActiveCfg = Debug|Any CPU
		{9EF32A96-9F96-441F-9D66-4248792ECE3B}.Debug|Any CPU.Build.0 = Debug|Any CPU
		{9EF32A96-9F96-441F-9D66-4248792ECE3B}.Release|Any CPU.ActiveCfg = Release|Any CPU
		{9EF32A96-9F96-441F-9D66-4248792ECE3B}.Release|Any CPU.Build.0 = Release|Any CPU
		{F102D4C2-4B50-45C2-8097-8218B661B6B9}.Debug|Any CPU.ActiveCfg = Debug|Any CPU
		{F102D4C2-4B50-45C2-8097-8218B661B6B9}.Debug|Any CPU.Build.0 = Debug|Any CPU
		{F102D4C2-4B50-45C2-8097-8218B661B6B9}.Release|Any CPU.ActiveCfg = Release|Any CPU
		{F102D4C2-4B50-45C2-8097-8218B661B6B9}.Release|Any CPU.Build.0 = Release|Any CPU
		{A4BE21A3-4A57-483B-90CB-F6A4F42BB7E1}.Debug|Any CPU.ActiveCfg = Debug|Any CPU
		{A4BE21A3-4A57-483B-90CB-F6A4F42BB7E1}.Debug|Any CPU.Build.0 = Debug|Any CPU
		{A4BE21A3-4A57-483B-90CB-F6A4F42BB7E1}.Release|Any CPU.ActiveCfg = Release|Any CPU
		{A4BE21A3-4A57-483B-90CB-F6A4F42BB7E1}.Release|Any CPU.Build.0 = Release|Any CPU
		{AEDA4815-36E0-4731-B054-3329D156F3BA}.Debug|Any CPU.ActiveCfg = Debug|Any CPU
		{AEDA4815-36E0-4731-B054-3329D156F3BA}.Debug|Any CPU.Build.0 = Debug|Any CPU
		{AEDA4815-36E0-4731-B054-3329D156F3BA}.Release|Any CPU.ActiveCfg = Release|Any CPU
		{AEDA4815-36E0-4731-B054-3329D156F3BA}.Release|Any CPU.Build.0 = Release|Any CPU
		{B0D1AF76-3EAD-49F2-BEE2-9AC21E458440}.Debug|Any CPU.ActiveCfg = Debug|Any CPU
		{B0D1AF76-3EAD-49F2-BEE2-9AC21E458440}.Debug|Any CPU.Build.0 = Debug|Any CPU
		{B0D1AF76-3EAD-49F2-BEE2-9AC21E458440}.Release|Any CPU.ActiveCfg = Release|Any CPU
		{B0D1AF76-3EAD-49F2-BEE2-9AC21E458440}.Release|Any CPU.Build.0 = Release|Any CPU
	EndGlobalSection
	GlobalSection(SolutionProperties) = preSolution
		HideSolutionNode = FALSE
	EndGlobalSection
	GlobalSection(NestedProjects) = preSolution
		{27766630-D889-446E-BAED-02696F6562F7} = {22E5F29D-72F8-4C4B-9685-2E5534BD45DF}
		{78EFD88F-1D9D-4802-BE08-4E4AB0A3C31B} = {27766630-D889-446E-BAED-02696F6562F7}
		{BEA5FCFF-008F-4076-B2CC-EE7478AF54D1} = {78EFD88F-1D9D-4802-BE08-4E4AB0A3C31B}
		{FB421CBC-0D90-4ECE-9200-F08D32E474E1} = {78EFD88F-1D9D-4802-BE08-4E4AB0A3C31B}
		{7DB4228C-C94A-4047-998C-C6C891EE0EF3} = {78EFD88F-1D9D-4802-BE08-4E4AB0A3C31B}
		{8FB2FDA4-43A5-4551-B2B7-48648DA8B145} = {C1E0AAEB-84A1-4D35-AC37-0897482F7E84}
		{AC46B5C8-F921-43E6-9CA6-99F4CDFB5B3B} = {78EFD88F-1D9D-4802-BE08-4E4AB0A3C31B}
		{61F9BD50-C221-4679-9103-387E9625D608} = {1512833D-2BE3-49C0-A300-0170176D1940}
		{B74D9461-F769-4CA9-ABDC-956EB8D0999D} = {78EFD88F-1D9D-4802-BE08-4E4AB0A3C31B}
		{A526B6F5-198D-447C-9F77-F41F51891BAB} = {27766630-D889-446E-BAED-02696F6562F7}
		{76285BC3-CB5C-407A-B2F0-1AC306EE77E4} = {A526B6F5-198D-447C-9F77-F41F51891BAB}
		{5B5DC0C4-3872-4C60-9477-01B2F474C401} = {76285BC3-CB5C-407A-B2F0-1AC306EE77E4}
		{2376BA90-9B21-46D4-B3DA-A34614416963} = {A526B6F5-198D-447C-9F77-F41F51891BAB}
		{C403BCC2-8CF2-4143-8C0D-BFCBE891536D} = {76285BC3-CB5C-407A-B2F0-1AC306EE77E4}
		{9EF32A96-9F96-441F-9D66-4248792ECE3B} = {C1E0AAEB-84A1-4D35-AC37-0897482F7E84}
		{F102D4C2-4B50-45C2-8097-8218B661B6B9} = {A526B6F5-198D-447C-9F77-F41F51891BAB}
		{4AFB8876-1891-4DD7-98DC-50CB118356FD} = {A526B6F5-198D-447C-9F77-F41F51891BAB}
		{A4BE21A3-4A57-483B-90CB-F6A4F42BB7E1} = {4AFB8876-1891-4DD7-98DC-50CB118356FD}
		{AEDA4815-36E0-4731-B054-3329D156F3BA} = {4AFB8876-1891-4DD7-98DC-50CB118356FD}
		{B0D1AF76-3EAD-49F2-BEE2-9AC21E458440} = {A526B6F5-198D-447C-9F77-F41F51891BAB}
	EndGlobalSection
	GlobalSection(ExtensibilityGlobals) = postSolution
		SolutionGuid = {BCE8E54E-93C5-4F82-A762-1A556C214912}
	EndGlobalSection
EndGlobal
